
Microsoft Visual Studio Solution File, Format Version 12.00
# Visual Studio 2013
VisualStudioVersion = 12.0.40629.0
MinimumVisualStudioVersion = 10.0.40219.1
Project("{2150E333-8FDC-42A3-9474-1A3956D46DE8}") = "SRP", "SRP", "{A6E8BB2B-BD6B-4CDF-9E22-460A95781191}"
EndProject
Project("{2150E333-8FDC-42A3-9474-1A3956D46DE8}") = "OCP", "OCP", "{E076824A-CBF8-448D-8030-1F4278C420EE}"
EndProject
Project("{2150E333-8FDC-42A3-9474-1A3956D46DE8}") = "LSP", "LSP", "{CEE7B5C4-C892-4E2D-BB86-1ABD82BECE8B}"
EndProject
Project("{2150E333-8FDC-42A3-9474-1A3956D46DE8}") = "ISP", "ISP", "{DDE776ED-79C4-40F6-9524-874197D9542F}"
EndProject
Project("{2150E333-8FDC-42A3-9474-1A3956D46DE8}") = "DIP", "DIP", "{5D9BB24C-9731-4018-9900-C357562CE0DE}"
EndProject
Project("{2150E333-8FDC-42A3-9474-1A3956D46DE8}") = "start", "start", "{FEEAC40A-9A9E-4891-8E6F-2CD0D3DF53E6}"
EndProject
Project("{2150E333-8FDC-42A3-9474-1A3956D46DE8}") = "end", "end", "{89FA8A9F-0243-4BAA-B57A-F07F5A1E452D}"
EndProject
Project("{2150E333-8FDC-42A3-9474-1A3956D46DE8}") = "start", "start", "{5F3A0E44-E076-46A8-B237-CAD6A6E11A9C}"
EndProject
Project("{2150E333-8FDC-42A3-9474-1A3956D46DE8}") = "end", "end", "{CA5ACFE4-F353-4960-943E-6DE9D862E649}"
EndProject
Project("{2150E333-8FDC-42A3-9474-1A3956D46DE8}") = "start", "start", "{BFCE245E-4F5A-4C67-8F5C-16FC260E2F67}"
EndProject
Project("{2150E333-8FDC-42A3-9474-1A3956D46DE8}") = "end", "end", "{E974535A-91D6-46B3-A4E2-CA7A7079B902}"
EndProject
Project("{2150E333-8FDC-42A3-9474-1A3956D46DE8}") = "start", "start", "{F836BD0F-C8EC-4DDA-958C-DBDE68DC8E9C}"
EndProject
Project("{2150E333-8FDC-42A3-9474-1A3956D46DE8}") = "end", "end", "{FF56E5CA-97ED-4470-8E3C-3C430CB777FA}"
EndProject
Project("{2150E333-8FDC-42A3-9474-1A3956D46DE8}") = "start", "start", "{91294A82-F393-4845-BD93-E4B7A34CE4CF}"
EndProject
Project("{2150E333-8FDC-42A3-9474-1A3956D46DE8}") = "end", "end", "{1D78A67F-C0FD-45FD-9B91-8509EFFD31CC}"
EndProject
Project("{FAE04EC0-301F-11D3-BF4B-00C04F79EFBC}") = "Srp_Start", "Srp_Start\Srp_Start.csproj", "{FB192F25-A8D9-48A1-A2A6-3097E8623452}"
EndProject
Project("{FAE04EC0-301F-11D3-BF4B-00C04F79EFBC}") = "Srp_End", "Srp_End\Srp_End.csproj", "{4B5E2549-9408-4500-963E-BCF54539ADE0}"
EndProject
Project("{FAE04EC0-301F-11D3-BF4B-00C04F79EFBC}") = "Isp_Start", "Isp_Start\Isp_Start.csproj", "{1456216B-EFA5-437F-99BE-68C4B71A3697}"
EndProject
Project("{FAE04EC0-301F-11D3-BF4B-00C04F79EFBC}") = "Isp_End", "Isp_End\Isp_End.csproj", "{5FD807D6-7FD3-4135-A79B-1E6154FB36A6}"
EndProject
Project("{FAE04EC0-301F-11D3-BF4B-00C04F79EFBC}") = "Dip_Start", "Dip_Start\Dip_Start.csproj", "{676C3DFA-2026-4CEA-93FE-4BDB20F46EE9}"
EndProject
Project("{FAE04EC0-301F-11D3-BF4B-00C04F79EFBC}") = "Dip_End", "Dip_End\Dip_End.csproj", "{DF6CB31A-B40B-4F48-A7BE-6FF2DC179EC9}"
EndProject
Project("{FAE04EC0-301F-11D3-BF4B-00C04F79EFBC}") = "Lsp_Start.Core", "Lsp_Start.Core\Lsp_Start.Core.csproj", "{C216DAC6-B836-494F-98A7-C6601655FA6D}"
EndProject
Project("{FAE04EC0-301F-11D3-BF4B-00C04F79EFBC}") = "Lsp_Start.Tests", "Lsp_Start.Tests\Lsp_Start.Tests.csproj", "{BB16B9AD-E322-4326-807D-A70F88FBEB8C}"
EndProject
Project("{FAE04EC0-301F-11D3-BF4B-00C04F79EFBC}") = "Lsp_End.Core", "Lsp_End.Core\Lsp_End.Core.csproj", "{58156F67-17D8-4404-ADD9-C59F16946A5E}"
EndProject
Project("{FAE04EC0-301F-11D3-BF4B-00C04F79EFBC}") = "Lsp_End.Tests", "Lsp_End.Tests\Lsp_End.Tests.csproj", "{867EF529-B339-4C9C-8199-FEF63B990772}"
EndProject
Project("{FAE04EC0-301F-11D3-BF4B-00C04F79EFBC}") = "Ocp_End", "Ocp_End\Ocp_End.csproj", "{7B23ADFD-F651-48E3-AAD6-BE92C144DEC7}"
EndProject
Project("{FAE04EC0-301F-11D3-BF4B-00C04F79EFBC}") = "Ocp_Start", "Ocp_Start\Ocp_Start.csproj", "{3CAFA1A0-DC2C-42A7-B1F9-DD6C9ED8EE17}"
EndProject
Global
	GlobalSection(SolutionConfigurationPlatforms) = preSolution
		Debug|Any CPU = Debug|Any CPU
		Release|Any CPU = Release|Any CPU
	EndGlobalSection
	GlobalSection(ProjectConfigurationPlatforms) = postSolution
		{FB192F25-A8D9-48A1-A2A6-3097E8623452}.Debug|Any CPU.ActiveCfg = Debug|Any CPU
		{FB192F25-A8D9-48A1-A2A6-3097E8623452}.Debug|Any CPU.Build.0 = Debug|Any CPU
		{FB192F25-A8D9-48A1-A2A6-3097E8623452}.Release|Any CPU.ActiveCfg = Release|Any CPU
		{FB192F25-A8D9-48A1-A2A6-3097E8623452}.Release|Any CPU.Build.0 = Release|Any CPU
		{4B5E2549-9408-4500-963E-BCF54539ADE0}.Debug|Any CPU.ActiveCfg = Debug|Any CPU
		{4B5E2549-9408-4500-963E-BCF54539ADE0}.Debug|Any CPU.Build.0 = Debug|Any CPU
		{4B5E2549-9408-4500-963E-BCF54539ADE0}.Release|Any CPU.ActiveCfg = Release|Any CPU
		{4B5E2549-9408-4500-963E-BCF54539ADE0}.Release|Any CPU.Build.0 = Release|Any CPU
		{1456216B-EFA5-437F-99BE-68C4B71A3697}.Debug|Any CPU.ActiveCfg = Debug|Any CPU
		{1456216B-EFA5-437F-99BE-68C4B71A3697}.Debug|Any CPU.Build.0 = Debug|Any CPU
		{1456216B-EFA5-437F-99BE-68C4B71A3697}.Release|Any CPU.ActiveCfg = Release|Any CPU
		{1456216B-EFA5-437F-99BE-68C4B71A3697}.Release|Any CPU.Build.0 = Release|Any CPU
		{5FD807D6-7FD3-4135-A79B-1E6154FB36A6}.Debug|Any CPU.ActiveCfg = Debug|Any CPU
		{5FD807D6-7FD3-4135-A79B-1E6154FB36A6}.Debug|Any CPU.Build.0 = Debug|Any CPU
		{5FD807D6-7FD3-4135-A79B-1E6154FB36A6}.Release|Any CPU.ActiveCfg = Release|Any CPU
		{5FD807D6-7FD3-4135-A79B-1E6154FB36A6}.Release|Any CPU.Build.0 = Release|Any CPU
		{676C3DFA-2026-4CEA-93FE-4BDB20F46EE9}.Debug|Any CPU.ActiveCfg = Debug|Any CPU
		{676C3DFA-2026-4CEA-93FE-4BDB20F46EE9}.Debug|Any CPU.Build.0 = Debug|Any CPU
		{676C3DFA-2026-4CEA-93FE-4BDB20F46EE9}.Release|Any CPU.ActiveCfg = Release|Any CPU
		{676C3DFA-2026-4CEA-93FE-4BDB20F46EE9}.Release|Any CPU.Build.0 = Release|Any CPU
		{DF6CB31A-B40B-4F48-A7BE-6FF2DC179EC9}.Debug|Any CPU.ActiveCfg = Debug|Any CPU
		{DF6CB31A-B40B-4F48-A7BE-6FF2DC179EC9}.Debug|Any CPU.Build.0 = Debug|Any CPU
		{DF6CB31A-B40B-4F48-A7BE-6FF2DC179EC9}.Release|Any CPU.ActiveCfg = Release|Any CPU
		{DF6CB31A-B40B-4F48-A7BE-6FF2DC179EC9}.Release|Any CPU.Build.0 = Release|Any CPU
		{C216DAC6-B836-494F-98A7-C6601655FA6D}.Debug|Any CPU.ActiveCfg = Debug|Any CPU
		{C216DAC6-B836-494F-98A7-C6601655FA6D}.Debug|Any CPU.Build.0 = Debug|Any CPU
		{C216DAC6-B836-494F-98A7-C6601655FA6D}.Release|Any CPU.ActiveCfg = Release|Any CPU
		{C216DAC6-B836-494F-98A7-C6601655FA6D}.Release|Any CPU.Build.0 = Release|Any CPU
		{BB16B9AD-E322-4326-807D-A70F88FBEB8C}.Debug|Any CPU.ActiveCfg = Debug|Any CPU
		{BB16B9AD-E322-4326-807D-A70F88FBEB8C}.Debug|Any CPU.Build.0 = Debug|Any CPU
		{BB16B9AD-E322-4326-807D-A70F88FBEB8C}.Release|Any CPU.ActiveCfg = Release|Any CPU
		{BB16B9AD-E322-4326-807D-A70F88FBEB8C}.Release|Any CPU.Build.0 = Release|Any CPU
		{58156F67-17D8-4404-ADD9-C59F16946A5E}.Debug|Any CPU.ActiveCfg = Debug|Any CPU
		{58156F67-17D8-4404-ADD9-C59F16946A5E}.Debug|Any CPU.Build.0 = Debug|Any CPU
		{58156F67-17D8-4404-ADD9-C59F16946A5E}.Release|Any CPU.ActiveCfg = Release|Any CPU
		{58156F67-17D8-4404-ADD9-C59F16946A5E}.Release|Any CPU.Build.0 = Release|Any CPU
		{867EF529-B339-4C9C-8199-FEF63B990772}.Debug|Any CPU.ActiveCfg = Debug|Any CPU
		{867EF529-B339-4C9C-8199-FEF63B990772}.Debug|Any CPU.Build.0 = Debug|Any CPU
		{867EF529-B339-4C9C-8199-FEF63B990772}.Release|Any CPU.ActiveCfg = Release|Any CPU
		{867EF529-B339-4C9C-8199-FEF63B990772}.Release|Any CPU.Build.0 = Release|Any CPU
		{7B23ADFD-F651-48E3-AAD6-BE92C144DEC7}.Debug|Any CPU.ActiveCfg = Debug|Any CPU
		{7B23ADFD-F651-48E3-AAD6-BE92C144DEC7}.Debug|Any CPU.Build.0 = Debug|Any CPU
		{7B23ADFD-F651-48E3-AAD6-BE92C144DEC7}.Release|Any CPU.ActiveCfg = Release|Any CPU
		{7B23ADFD-F651-48E3-AAD6-BE92C144DEC7}.Release|Any CPU.Build.0 = Release|Any CPU
		{3CAFA1A0-DC2C-42A7-B1F9-DD6C9ED8EE17}.Debug|Any CPU.ActiveCfg = Debug|Any CPU
		{3CAFA1A0-DC2C-42A7-B1F9-DD6C9ED8EE17}.Debug|Any CPU.Build.0 = Debug|Any CPU
		{3CAFA1A0-DC2C-42A7-B1F9-DD6C9ED8EE17}.Release|Any CPU.ActiveCfg = Release|Any CPU
		{3CAFA1A0-DC2C-42A7-B1F9-DD6C9ED8EE17}.Release|Any CPU.Build.0 = Release|Any CPU
	EndGlobalSection
	GlobalSection(SolutionProperties) = preSolution
		HideSolutionNode = FALSE
	EndGlobalSection
	GlobalSection(NestedProjects) = preSolution
		{FEEAC40A-9A9E-4891-8E6F-2CD0D3DF53E6} = {A6E8BB2B-BD6B-4CDF-9E22-460A95781191}
		{89FA8A9F-0243-4BAA-B57A-F07F5A1E452D} = {A6E8BB2B-BD6B-4CDF-9E22-460A95781191}
		{5F3A0E44-E076-46A8-B237-CAD6A6E11A9C} = {E076824A-CBF8-448D-8030-1F4278C420EE}
		{CA5ACFE4-F353-4960-943E-6DE9D862E649} = {E076824A-CBF8-448D-8030-1F4278C420EE}
		{BFCE245E-4F5A-4C67-8F5C-16FC260E2F67} = {CEE7B5C4-C892-4E2D-BB86-1ABD82BECE8B}
		{E974535A-91D6-46B3-A4E2-CA7A7079B902} = {CEE7B5C4-C892-4E2D-BB86-1ABD82BECE8B}
		{F836BD0F-C8EC-4DDA-958C-DBDE68DC8E9C} = {DDE776ED-79C4-40F6-9524-874197D9542F}
		{FF56E5CA-97ED-4470-8E3C-3C430CB777FA} = {DDE776ED-79C4-40F6-9524-874197D9542F}
		{91294A82-F393-4845-BD93-E4B7A34CE4CF} = {5D9BB24C-9731-4018-9900-C357562CE0DE}
		{1D78A67F-C0FD-45FD-9B91-8509EFFD31CC} = {5D9BB24C-9731-4018-9900-C357562CE0DE}
		{FB192F25-A8D9-48A1-A2A6-3097E8623452} = {FEEAC40A-9A9E-4891-8E6F-2CD0D3DF53E6}
		{4B5E2549-9408-4500-963E-BCF54539ADE0} = {89FA8A9F-0243-4BAA-B57A-F07F5A1E452D}
		{1456216B-EFA5-437F-99BE-68C4B71A3697} = {F836BD0F-C8EC-4DDA-958C-DBDE68DC8E9C}
		{5FD807D6-7FD3-4135-A79B-1E6154FB36A6} = {FF56E5CA-97ED-4470-8E3C-3C430CB777FA}
		{676C3DFA-2026-4CEA-93FE-4BDB20F46EE9} = {91294A82-F393-4845-BD93-E4B7A34CE4CF}
		{DF6CB31A-B40B-4F48-A7BE-6FF2DC179EC9} = {1D78A67F-C0FD-45FD-9B91-8509EFFD31CC}
		{C216DAC6-B836-494F-98A7-C6601655FA6D} = {BFCE245E-4F5A-4C67-8F5C-16FC260E2F67}
		{BB16B9AD-E322-4326-807D-A70F88FBEB8C} = {BFCE245E-4F5A-4C67-8F5C-16FC260E2F67}
		{58156F67-17D8-4404-ADD9-C59F16946A5E} = {E974535A-91D6-46B3-A4E2-CA7A7079B902}
		{867EF529-B339-4C9C-8199-FEF63B990772} = {E974535A-91D6-46B3-A4E2-CA7A7079B902}
		{7B23ADFD-F651-48E3-AAD6-BE92C144DEC7} = {CA5ACFE4-F353-4960-943E-6DE9D862E649}
		{3CAFA1A0-DC2C-42A7-B1F9-DD6C9ED8EE17} = {5F3A0E44-E076-46A8-B237-CAD6A6E11A9C}
	EndGlobalSection
EndGlobal
